
Microsoft Visual Studio Solution File, Format Version 12.00
# Visual Studio Version 17
VisualStudioVersion = 17.4.33213.308
MinimumVisualStudioVersion = 10.0.40219.1
Project("{FAE04EC0-301F-11D3-BF4B-00C04F79EFBC}") = "Calculator", "Calculator\Calculator.csproj", "{91F5A7E8-C4D7-4CFF-8013-CFBE08702F57}"
EndProject
Global
	GlobalSection(SolutionConfigurationPlatforms) = preSolution
		Debug|Any CPU = Debug|Any CPU
		Release|Any CPU = Release|Any CPU
	EndGlobalSection
	GlobalSection(ProjectConfigurationPlatforms) = postSolution
		{91F5A7E8-C4D7-4CFF-8013-CFBE08702F57}.Debug|Any CPU.ActiveCfg = Debug|Any CPU
		{91F5A7E8-C4D7-4CFF-8013-CFBE08702F57}.Debug|Any CPU.Build.0 = Debug|Any CPU
		{91F5A7E8-C4D7-4CFF-8013-CFBE08702F57}.Release|Any CPU.ActiveCfg = Release|Any CPU
		{91F5A7E8-C4D7-4CFF-8013-CFBE08702F57}.Release|Any CPU.Build.0 = Release|Any CPU
	EndGlobalSection
	GlobalSection(SolutionProperties) = preSolution
		HideSolutionNode = FALSE
	EndGlobalSection
	GlobalSection(ExtensibilityGlobals) = postSolution
		SolutionGuid = {80CF754C-9C40-4BBB-9951-6105E3D58278}
	EndGlobalSection
EndGlobal
